
Microsoft Visual Studio Solution File, Format Version 12.00
# Visual Studio Version 16
VisualStudioVersion = 16.0.30413.136
MinimumVisualStudioVersion = 10.0.40219.1
Project("{9A19103F-16F7-4668-BE54-9A1E7A4F7556}") = "WebAPI", "WebAPI\WebAPI.csproj", "{8DB6D3AA-97E9-4CCE-B851-3351E21C3543}"
EndProject
Project("{9A19103F-16F7-4668-BE54-9A1E7A4F7556}") = "DAL", "DAL\DAL.csproj", "{9202A1C0-1322-44E9-A2FB-D602CF4CCCE9}"
EndProject
Project("{FAE04EC0-301F-11D3-BF4B-00C04F79EFBC}") = "WPFTestUniversity", "TestUniversityWPF\WPFTestUniversity.csproj", "{54241C13-690B-46F4-AECA-BB61DFEEFE12}"
EndProject
Global
	GlobalSection(SolutionConfigurationPlatforms) = preSolution
		Debug|Any CPU = Debug|Any CPU
		Release|Any CPU = Release|Any CPU
	EndGlobalSection
	GlobalSection(ProjectConfigurationPlatforms) = postSolution
		{8DB6D3AA-97E9-4CCE-B851-3351E21C3543}.Debug|Any CPU.ActiveCfg = Debug|Any CPU
		{8DB6D3AA-97E9-4CCE-B851-3351E21C3543}.Debug|Any CPU.Build.0 = Debug|Any CPU
		{8DB6D3AA-97E9-4CCE-B851-3351E21C3543}.Release|Any CPU.ActiveCfg = Release|Any CPU
		{8DB6D3AA-97E9-4CCE-B851-3351E21C3543}.Release|Any CPU.Build.0 = Release|Any CPU
		{9202A1C0-1322-44E9-A2FB-D602CF4CCCE9}.Debug|Any CPU.ActiveCfg = Debug|Any CPU
		{9202A1C0-1322-44E9-A2FB-D602CF4CCCE9}.Debug|Any CPU.Build.0 = Debug|Any CPU
		{9202A1C0-1322-44E9-A2FB-D602CF4CCCE9}.Release|Any CPU.ActiveCfg = Release|Any CPU
		{9202A1C0-1322-44E9-A2FB-D602CF4CCCE9}.Release|Any CPU.Build.0 = Release|Any CPU
		{54241C13-690B-46F4-AECA-BB61DFEEFE12}.Debug|Any CPU.ActiveCfg = Debug|Any CPU
		{54241C13-690B-46F4-AECA-BB61DFEEFE12}.Debug|Any CPU.Build.0 = Debug|Any CPU
		{54241C13-690B-46F4-AECA-BB61DFEEFE12}.Release|Any CPU.ActiveCfg = Release|Any CPU
		{54241C13-690B-46F4-AECA-BB61DFEEFE12}.Release|Any CPU.Build.0 = Release|Any CPU
	EndGlobalSection
	GlobalSection(SolutionProperties) = preSolution
		HideSolutionNode = FALSE
	EndGlobalSection
	GlobalSection(ExtensibilityGlobals) = postSolution
		SolutionGuid = {43DC099D-C1ED-4608-B925-7048442609AB}
	EndGlobalSection
EndGlobal
